{
  "originHash" : "2974378d8178079535c1ba26fcf6a1ff7bdda600247fb1dc4810f99a6b68a37a",
  "pins" : [
    {
      "identity" : "diceenv",
      "kind" : "remoteSourceControl",
      "location" : "https://github.com/mburger89/DiceEnv.git",
      "state" : {
        "branch" : "main",
        "revision" : "6bd17d28a0f4443817c4c250d2d886aee1831d5a"
      }
    }
  ],
  "version" : 3
}
