{
  "originHash" : "2974378d8178079535c1ba26fcf6a1ff7bdda600247fb1dc4810f99a6b68a37a",
  "pins" : [
    {
      "identity" : "diceenv",
      "kind" : "remoteSourceControl",
      "location" : "https://github.com/mburger89/DiceEnv.git",
      "state" : {
        "branch" : "main",
        "revision" : "e71d748f39a96d117d7b26ccd0ba075de2059b30"
      }
    }
  ],
  "version" : 3
}
